// !$*UTF8*$!
{
	archiveVersion = 1;
	classes = {
	};
	objectVersion = 46;
	objects = {

/* Begin PBXBuildFile section */
		74B2B2421C80125200BD72FD /* AppDelegate.swift in Sources */ = {isa = PBXBuildFile; fileRef = 74B2B2411C80125200BD72FD /* AppDelegate.swift */; };
		74B2B2441C80125200BD72FD /* ViewController.swift in Sources */ = {isa = PBXBuildFile; fileRef = 74B2B2431C80125200BD72FD /* ViewController.swift */; };
		74B2B2471C80125200BD72FD /* Main.storyboard in Resources */ = {isa = PBXBuildFile; fileRef = 74B2B2451C80125200BD72FD /* Main.storyboard */; };
		74B2B2491C80125200BD72FD /* Assets.xcassets in Resources */ = {isa = PBXBuildFile; fileRef = 74B2B2481C80125200BD72FD /* Assets.xcassets */; };
		74B2B24C1C80125200BD72FD /* LaunchScreen.storyboard in Resources */ = {isa = PBXBuildFile; fileRef = 74B2B24A1C80125200BD72FD /* LaunchScreen.storyboard */; };
/* End PBXBuildFile section */

/* Begin PBXFileReference section */
		74B2B23E1C80125200BD72FD /* DemoDay.app */ = {isa = PBXFileReference; explicitFileType = wrapper.application; includeInIndex = 0; path = DemoDay.app; sourceTree = BUILT_PRODUCTS_DIR; };
		74B2B2411C80125200BD72FD /* AppDelegate.swift */ = {isa = PBXFileReference; lastKnownFileType = sourcecode.swift; path = AppDelegate.swift; sourceTree = "<group>"; };
		74B2B2431C80125200BD72FD /* ViewController.swift */ = {isa = PBXFileReference; lastKnownFileType = sourcecode.swift; path = ViewController.swift; sourceTree = "<group>"; };
		74B2B2461C80125200BD72FD /* Base */ = {isa = PBXFileReference; lastKnownFileType = file.storyboard; name = Base; path = Base.lproj/Main.storyboard; sourceTree = "<group>"; };
		74B2B2481C80125200BD72FD /* Assets.xcassets */ = {isa = PBXFileReference; lastKnownFileType = folder.assetcatalog; path = Assets.xcassets; sourceTree = "<group>"; };
		74B2B24B1C80125200BD72FD /* Base */ = {isa = PBXFileReference; lastKnownFileType = file.storyboard; name = Base; path = Base.lproj/LaunchScreen.storyboard; sourceTree = "<group>"; };
		74B2B24D1C80125200BD72FD /* Info.plist */ = {isa = PBXFileReference; lastKnownFileType = text.plist.xml; path = Info.plist; sourceTree = "<group>"; };
/* End PBXFileReference section */

/* Begin PBXFrameworksBuildPhase section */
		74B2B23B1C80125200BD72FD /* Frameworks */ = {
			isa = PBXFrameworksBuildPhase;
			buildActionMask = 2147483647;
			files = (
			);
			runOnlyForDeploymentPostprocessing = 0;
		};
/* End PBXFrameworksBuildPhase section */

/* Begin PBXGroup section */
		74B2B2351C80125200BD72FD = {
			isa = PBXGroup;
			children = (
				74B2B2401C80125200BD72FD /* DemoDay */,
				74B2B23F1C80125200BD72FD /* Products */,
			);
			sourceTree = "<group>";
		};
		74B2B23F1C80125200BD72FD /* Products */ = {
			isa = PBXGroup;
			children = (
				74B2B23E1C80125200BD72FD /* DemoDay.app */,
			);
			name = Products;
			sourceTree = "<group>";
		};
		74B2B2401C80125200BD72FD /* DemoDay */ = {
			isa = PBXGroup;
			children = (
				74B2B2411C80125200BD72FD /* AppDelegate.swift */,
				74B2B2431C80125200BD72FD /* ViewController.swift */,
				74B2B2451C80125200BD72FD /* Main.storyboard */,
				74B2B2481C80125200BD72FD /* Assets.xcassets */,
				74B2B24A1C80125200BD72FD /* LaunchScreen.storyboard */,
				74B2B24D1C80125200BD72FD /* Info.plist */,
			);
			path = DemoDay;
			sourceTree = "<group>";
		};
/* End PBXGroup section */

/* Begin PBXNativeTarget section */
		74B2B23D1C80125200BD72FD /* DemoDay */ = {
			isa = PBXNativeTarget;
			buildConfigurationList = 74B2B2501C80125200BD72FD /* Build configuration list for PBXNativeTarget "DemoDay" */;
			buildPhases = (
				74B2B23A1C80125200BD72FD /* Sources */,
				74B2B23B1C80125200BD72FD /* Frameworks */,
				74B2B23C1C80125200BD72FD /* Resources */,
			);
			buildRules = (
			);
			dependencies = (
			);
			name = DemoDay;
			productName = DemoDay;
			productReference = 74B2B23E1C80125200BD72FD /* DemoDay.app */;
			productType = "com.apple.product-type.application";
		};
/* End PBXNativeTarget section */

/* Begin PBXProject section */
		74B2B2361C80125200BD72FD /* Project object */ = {
			isa = PBXProject;
			attributes = {
				LastSwiftUpdateCheck = 0720;
				LastUpgradeCheck = 0720;
				ORGANIZATIONNAME = ksjker;
				TargetAttributes = {
					74B2B23D1C80125200BD72FD = {
						CreatedOnToolsVersion = 7.2;
					};
				};
			};
			buildConfigurationList = 74B2B2391C80125200BD72FD /* Build configuration list for PBXProject "DemoDay" */;
			compatibilityVersion = "Xcode 3.2";
			developmentRegion = English;
			hasScannedForEncodings = 0;
			knownRegions = (
				en,
				Base,
			);
			mainGroup = 74B2B2351C80125200BD72FD;
			productRefGroup = 74B2B23F1C80125200BD72FD /* Products */;
			projectDirPath = "";
			projectRoot = "";
			targets = (
				74B2B23D1C80125200BD72FD /* DemoDay */,
			);
		};
/* End PBXProject section */

/* Begin PBXResourcesBuildPhase section */
		74B2B23C1C80125200BD72FD /* Resources */ = {
			isa = PBXResourcesBuildPhase;
			buildActionMask = 2147483647;
			files = (
				74B2B24C1C80125200BD72FD /* LaunchScreen.storyboard in Resources */,
				74B2B2491C80125200BD72FD /* Assets.xcassets in Resources */,
				74B2B2471C80125200BD72FD /* Main.storyboard in Resources */,
			);
			runOnlyForDeploymentPostprocessing = 0;
		};
/* End PBXResourcesBuildPhase section */

/* Begin PBXSourcesBuildPhase section */
		74B2B23A1C80125200BD72FD /* Sources */ = {
			isa = PBXSourcesBuildPhase;
			buildActionMask = 2147483647;
			files = (
				74B2B2441C80125200BD72FD /* ViewController.swift in Sources */,
				74B2B2421C80125200BD72FD /* AppDelegate.swift in Sources */,
			);
			runOnlyForDeploymentPostprocessing = 0;
		};
/* End PBXSourcesBuildPhase section */

/* Begin PBXVariantGroup section */
		74B2B2451C80125200BD72FD /* Main.storyboard */ = {
			isa = PBXVariantGroup;
			children = (
				74B2B2461C80125200BD72FD /* Base */,
			);
			name = Main.storyboard;
			sourceTree = "<group>";
		};
		74B2B24A1C80125200BD72FD /* LaunchScreen.storyboard */ = {
			isa = PBXVariantGroup;
			children = (
				74B2B24B1C80125200BD72FD /* Base */,
			);
			name = LaunchScreen.storyboard;
			sourceTree = "<group>";
		};
/* End PBXVariantGroup section */

/* Begin XCBuildConfiguration section */
		74B2B24E1C80125200BD72FD /* Debug */ = {
			isa = XCBuildConfiguration;
			buildSettings = {
				ALWAYS_SEARCH_USER_PATHS = NO;
				CLANG_CXX_LANGUAGE_STANDARD = "gnu++0x";
				CLANG_CXX_LIBRARY = "libc++";
				CLANG_ENABLE_MODULES = YES;
				CLANG_ENABLE_OBJC_ARC = YES;
				CLANG_WARN_BOOL_CONVERSION = YES;
				CLANG_WARN_CONSTANT_CONVERSION = YES;
				CLANG_WARN_DIRECT_OBJC_ISA_USAGE = YES_ERROR;
				CLANG_WARN_EMPTY_BODY = YES;
				CLANG_WARN_ENUM_CONVERSION = YES;
				CLANG_WARN_INT_CONVERSION = YES;
				CLANG_WARN_OBJC_ROOT_CLASS = YES_ERROR;
				CLANG_WARN_UNREACHABLE_CODE = YES;
				CLANG_WARN__DUPLICATE_METHOD_MATCH = YES;
				"CODE_SIGN_IDENTITY[sdk=iphoneos*]" = "iPhone Developer";
				COPY_PHASE_STRIP = NO;
				DEBUG_INFORMATION_FORMAT = dwarf;
				ENABLE_STRICT_OBJC_MSGSEND = YES;
				ENABLE_TESTABILITY = YES;
				GCC_C_LANGUAGE_STANDARD = gnu99;
				GCC_DYNAMIC_NO_PIC = NO;
				GCC_NO_COMMON_BLOCKS = YES;
				GCC_OPTIMIZATION_LEVEL = 0;
				GCC_PREPROCESSOR_DEFINITIONS = (
					"DEBUG=1",
					"$(inherited)",
				);
				GCC_WARN_64_TO_32_BIT_CONVERSION = YES;
				GCC_WARN_ABOUT_RETURN_TYPE = YES_ERROR;
				GCC_WARN_UNDECLARED_SELECTOR = YES;
				GCC_WARN_UNINITIALIZED_AUTOS = YES_AGGRESSIVE;
				GCC_WARN_UNUSED_FUNCTION = YES;
				GCC_WARN_UNUSED_VARIABLE = YES;
				IPHONEOS_DEPLOYMENT_TARGET = 9.2;
				MTL_ENABLE_DEBUG_INFO = YES;
				ONLY_ACTIVE_ARCH = YES;
				SDKROOT = iphoneos;
				SWIFT_OPTIMIZATION_LEVEL = "-Onone";
			};
			name = Debug;
		};
		74B2B24F1C80125200BD72FD /* Release */ = {
			isa = XCBuildConfiguration;
			buildSettings = {
				ALWAYS_SEARCH_USER_PATHS = NO;
				CLANG_CXX_LANGUAGE_STANDARD = "gnu++0x";
				CLANG_CXX_LIBRARY = "libc++";
				CLANG_ENABLE_MODULES = YES;
				CLANG_ENABLE_OBJC_ARC = YES;
				CLANG_WARN_BOOL_CONVERSION = YES;
				CLANG_WARN_CONSTANT_CONVERSION = YES;
				CLANG_WARN_DIRECT_OBJC_ISA_USAGE = YES_ERROR;
				CLANG_WARN_EMPTY_BODY = YES;
				CLANG_WARN_ENUM_CONVERSION = YES;
				CLANG_WARN_INT_CONVERSION = YES;
				CLANG_WARN_OBJC_ROOT_CLASS = YES_ERROR;
				CLANG_WARN_UNREACHABLE_CODE = YES;
				CLANG_WARN__DUPLICATE_METHOD_MATCH = YES;
				"CODE_SIGN_IDENTITY[sdk=iphoneos*]" = "iPhone Developer";
				COPY_PHASE_STRIP = NO;
				DEBUG_INFORMATION_FORMAT = "dwarf-with-dsym";
				ENABLE_NS_ASSERTIONS = NO;
				ENABLE_STRICT_OBJC_MSGSEND = YES;
				GCC_C_LANGUAGE_STANDARD = gnu99;
				GCC_NO_COMMON_BLOCKS = YES;
				GCC_WARN_64_TO_32_BIT_CONVERSION = YES;
				GCC_WARN_ABOUT_RETURN_TYPE = YES_ERROR;
				GCC_WARN_UNDECLARED_SELECTOR = YES;
				GCC_WARN_UNINITIALIZED_AUTOS = YES_AGGRESSIVE;
				GCC_WARN_UNUSED_FUNCTION = YES;
				GCC_WARN_UNUSED_VARIABLE = YES;
				IPHONEOS_DEPLOYMENT_TARGET = 9.2;
				MTL_ENABLE_DEBUG_INFO = NO;
				SDKROOT = iphoneos;
				VALIDATE_PRODUCT = YES;
			};
			name = Release;
		};
		74B2B2511C80125200BD72FD /* Debug */ = {
			isa = XCBuildConfiguration;
			buildSettings = {
				ASSETCATALOG_COMPILER_APPICON_NAME = AppIcon;
				INFOPLIST_FILE = DemoDay/Info.plist;
				LD_RUNPATH_SEARCH_PATHS = "$(inherited) @executable_path/Frameworks";
				PRODUCT_BUNDLE_IDENTIFIER = codepath.com.DemoDay;
				PRODUCT_NAME = "$(TARGET_NAME)";
			};
			name = Debug;
		};
		74B2B2521C80125200BD72FD /* Release */ = {
			isa = XCBuildConfiguration;
			buildSettings = {
				ASSETCATALOG_COMPILER_APPICON_NAME = AppIcon;
				INFOPLIST_FILE = DemoDay/Info.plist;
				LD_RUNPATH_SEARCH_PATHS = "$(inherited) @executable_path/Frameworks";
				PRODUCT_BUNDLE_IDENTIFIER = codepath.com.DemoDay;
				PRODUCT_NAME = "$(TARGET_NAME)";
			};
			name = Release;
		};
/* End XCBuildConfiguration section */

/* Begin XCConfigurationList section */
		74B2B2391C80125200BD72FD /* Build configuration list for PBXProject "DemoDay" */ = {
			isa = XCConfigurationList;
			buildConfigurations = (
				74B2B24E1C80125200BD72FD /* Debug */,
				74B2B24F1C80125200BD72FD /* Release */,
			);
			defaultConfigurationIsVisible = 0;
			defaultConfigurationName = Release;
		};
		74B2B2501C80125200BD72FD /* Build configuration list for PBXNativeTarget "DemoDay" */ = {
			isa = XCConfigurationList;
			buildConfigurations = (
				74B2B2511C80125200BD72FD /* Debug */,
				74B2B2521C80125200BD72FD /* Release */,
			);
			defaultConfigurationIsVisible = 0;
		};
/* End XCConfigurationList section */
	};
	rootObject = 74B2B2361C80125200BD72FD /* Project object */;
}
